<?xml version="1.0" encoding="utf-8"?>
<Project ToolsVersion="4.0" xmlns="http://schemas.microsoft.com/developer/msbuild/2003">
  <ItemGroup>
    <Filter Include="Исходные файлы">
      <UniqueIdentifier>{4FC737F1-C7A5-4376-A066-2A32D752A2FF}</UniqueIdentifier>
      <Extensions>cpp;c;cc;cxx;c++;cppm;ixx;def;odl;idl;hpj;bat;asm;asmx</Extensions>
    </Filter>
    <Filter Include="Файлы заголовков">
      <UniqueIdentifier>{93995380-89BD-4b04-88EB-625FBE52EBFB}</UniqueIdentifier>
      <Extensions>h;hh;hpp;hxx;h++;hm;inl;inc;ipp;xsd</Extensions>
    </Filter>
    <Filter Include="Файлы ресурсов">
      <UniqueIdentifier>{67DA6AB6-F800-4c08-8B7A-83BB121AAD01}</UniqueIdentifier>
      <Extensions>rc;ico;cur;bmp;dlg;rc2;rct;bin;rgs;gif;jpg;jpeg;jpe;resx;tiff;tif;png;wav;mfcribbon-ms</Extensions>
    </Filter>
    <Filter Include="Файлы заголовков\Intel">
      <UniqueIdentifier>{c5f14fa3-59c8-4948-a2a0-f084cc9985e6}</UniqueIdentifier>
    </Filter>
    <Filter Include="Исходные файлы\Intel">
      <UniqueIdentifier>{cf214f41-610f-4bca-93af-a1f1ceec0300}</UniqueIdentifier>
    </Filter>
    <Filter Include="Файлы заголовков\NVIDIA">
      <UniqueIdentifier>{3e0233e0-d083-4d50-8d28-62e325fbe044}</UniqueIdentifier>
    </Filter>
    <Filter Include="Файлы заголовков\AMD">
      <UniqueIdentifier>{14fac30c-f5a9-4a3a-bbc9-922d50152b58}</UniqueIdentifier>
    </Filter>
    <Filter Include="Исходные файлы\AMD Overdrive">
      <UniqueIdentifier>{67406889-10f7-47a7-a029-6383855d62f3}</UniqueIdentifier>
    </Filter>
    <Filter Include="Файлы заголовков\UI">
      <UniqueIdentifier>{d5c91427-4077-4cd7-8c24-a80f204d4833}</UniqueIdentifier>
    </Filter>
    <Filter Include="Исходные файлы\UI">
      <UniqueIdentifier>{9ee82a4a-4ce6-4ff7-ac37-6b9d72057c46}</UniqueIdentifier>
    </Filter>
  </ItemGroup>
  <ItemGroup>
    <ClCompile Include="main.cpp">
      <Filter>Исходные файлы</Filter>
    </ClCompile>
    <ClCompile Include="GPUFactory.cpp">
      <Filter>Исходные файлы</Filter>
    </ClCompile>
    <ClCompile Include="GPU.cpp">
      <Filter>Исходные файлы</Filter>
    </ClCompile>
    <ClCompile Include="NVIDIA GPU.cpp">
      <Filter>Исходные файлы</Filter>
    </ClCompile>
    <ClCompile Include="AMD GPU.cpp">
      <Filter>Исходные файлы</Filter>
    </ClCompile>
    <ClCompile Include="Intel GPU.cpp">
      <Filter>Исходные файлы</Filter>
    </ClCompile>
    <ClCompile Include="Intel\cApiWrapper.cpp">
      <Filter>Исходные файлы\Intel</Filter>
    </ClCompile>
    <ClCompile Include="Overdrive5.cpp">
      <Filter>Исходные файлы\AMD Overdrive</Filter>
    </ClCompile>
    <ClCompile Include="Overdrive6.cpp">
      <Filter>Исходные файлы\AMD Overdrive</Filter>
    </ClCompile>
    <ClCompile Include="Overdrive7.cpp">
      <Filter>Исходные файлы\AMD Overdrive</Filter>
    </ClCompile>
    <ClCompile Include="Overdrive8.cpp">
      <Filter>Исходные файлы\AMD Overdrive</Filter>
    </ClCompile>
    <ClCompile Include="MainWindow.cpp">
      <Filter>Исходные файлы\UI</Filter>
    </ClCompile>
    <ClCompile Include="Button.cpp">
      <Filter>Исходные файлы\UI</Filter>
    </ClCompile>
    <ClCompile Include="Globals.cpp">
      <Filter>Исходные файлы</Filter>
    </ClCompile>
    <ClCompile Include="ComboBox.cpp">
      <Filter>Исходные файлы\UI</Filter>
    </ClCompile>
    <ClCompile Include="WindowHelpers.cpp">
      <Filter>Исходные файлы</Filter>
    </ClCompile>
    <ClCompile Include="StringManager.h">
      <Filter>Файлы заголовков\UI</Filter>
    </ClCompile>
    <ClCompile Include="StringManager.cpp">
      <Filter>Исходные файлы\UI</Filter>
    </ClCompile>
    <ClCompile Include="DPI.cpp">
      <Filter>Исходные файлы\UI</Filter>
    </ClCompile>
  </ItemGroup>
  <ItemGroup>
    <ClInclude Include="GPU.h">
      <Filter>Файлы заголовков</Filter>
    </ClInclude>
    <ClInclude Include="NVIDIA GPU.h">
      <Filter>Файлы заголовков</Filter>
    </ClInclude>
    <ClInclude Include="AMD GPU.h">
      <Filter>Файлы заголовков</Filter>
    </ClInclude>
    <ClInclude Include="Intel GPU.h">
      <Filter>Файлы заголовков</Filter>
    </ClInclude>
    <ClInclude Include="GPUFactory.h">
      <Filter>Файлы заголовков</Filter>
    </ClInclude>
    <ClInclude Include="Intel\igcl_api.h">
      <Filter>Файлы заголовков\Intel</Filter>
    </ClInclude>
    <ClInclude Include="NVIDIA\nvapi.h">
      <Filter>Файлы заголовков\NVIDIA</Filter>
    </ClInclude>
    <ClInclude Include="NVIDIA\nvapi_common.h">
      <Filter>Файлы заголовков\NVIDIA</Filter>
    </ClInclude>
    <ClInclude Include="AMD\adl_sdk.h">
      <Filter>Файлы заголовков\AMD</Filter>
    </ClInclude>
    <ClInclude Include="AMD\adl_common.h">
      <Filter>Файлы заголовков\AMD</Filter>
    </ClInclude>
    <ClInclude Include="VersionHelper.h">
      <Filter>Файлы заголовков</Filter>
    </ClInclude>
    <ClInclude Include="Overdrive.h">
      <Filter>Файлы заголовков\AMD</Filter>
    </ClInclude>
    <ClInclude Include="Overdrive5.h">
      <Filter>Файлы заголовков\AMD</Filter>
    </ClInclude>
    <ClInclude Include="Overdrive6.h">
      <Filter>Файлы заголовков\AMD</Filter>
    </ClInclude>
    <ClInclude Include="Overdrive8.h">
      <Filter>Файлы заголовков\AMD</Filter>
    </ClInclude>
    <ClInclude Include="resource.h">
      <Filter>Файлы заголовков</Filter>
    </ClInclude>
    <ClInclude Include="Overdrive7.h">
      <Filter>Файлы заголовков\AMD</Filter>
    </ClInclude>
    <ClInclude Include="MainWindow.h">
      <Filter>Файлы заголовков\UI</Filter>
    </ClInclude>
    <ClInclude Include="CommonID.h">
      <Filter>Файлы заголовков</Filter>
    </ClInclude>
    <ClInclude Include="Button.h">
      <Filter>Файлы заголовков\UI</Filter>
    </ClInclude>
    <ClInclude Include="Globals.h">
      <Filter>Файлы заголовков</Filter>
    </ClInclude>
    <ClInclude Include="ComboBox.h">
      <Filter>Файлы заголовков\UI</Filter>
    </ClInclude>
    <ClInclude Include="WindowHelpers.h">
      <Filter>Файлы заголовков</Filter>
    </ClInclude>
    <ClInclude Include="Themes.h">
      <Filter>Файлы заголовков</Filter>
    </ClInclude>
    <ClInclude Include="DPI.h">
      <Filter>Файлы заголовков\UI</Filter>
    </ClInclude>
  </ItemGroup>
  <ItemGroup>
    <Manifest Include="GPU-X.manifest" />
  </ItemGroup>
  <ItemGroup>
    <ResourceCompile Include="GPU-X.rc">
      <Filter>Файлы ресурсов</Filter>
    </ResourceCompile>
  </ItemGroup>
</Project>